{
  "pins" : [
    {
      "identity" : "stockwatchapi",
      "kind" : "remoteSourceControl",
      "location" : "https://github.com/lolmeherti/StockWatchAPI",
      "state" : {
        "branch" : "main",
        "revision" : "c13362d15d71d3cd03f5689640738bda4c7c52ef"
      }
    }
  ],
  "version" : 2
}
