{
  "pins" : [
    {
      "identity" : "stockwatchapi",
      "kind" : "remoteSourceControl",
      "location" : "https://github.com/lolmeherti/StockWatchAPI",
      "state" : {
        "branch" : "main",
        "revision" : "301b9b59be91025c87abf19b5c4fd89f039b5499"
      }
    }
  ],
  "version" : 2
}
