// !$*UTF8*$!
{
	archiveVersion = 1;
	classes = {
	};
	objectVersion = 56;
	objects = {

/* Begin PBXBuildFile section */
		841C98CB2961CC230002148C /* EmptyStateView.swift in Sources */ = {isa = PBXBuildFile; fileRef = 841C98CA2961CC230002148C /* EmptyStateView.swift */; };
		841C98CD2961CC460002148C /* ErrorStateView.swift in Sources */ = {isa = PBXBuildFile; fileRef = 841C98CC2961CC460002148C /* ErrorStateView.swift */; };
		841C98CF2961CC6B0002148C /* LoadingStateView.swift in Sources */ = {isa = PBXBuildFile; fileRef = 841C98CE2961CC6B0002148C /* LoadingStateView.swift */; };
		841C98D22961CCF30002148C /* AppViewModel.swift in Sources */ = {isa = PBXBuildFile; fileRef = 841C98D12961CCF30002148C /* AppViewModel.swift */; };
		841C98D52961CF520002148C /* Stubs.swift in Sources */ = {isa = PBXBuildFile; fileRef = 841C98D42961CF520002148C /* Stubs.swift */; };
		841C98D72961D0050002148C /* QuotesViewModel.swift in Sources */ = {isa = PBXBuildFile; fileRef = 841C98D62961D0040002148C /* QuotesViewModel.swift */; };
		841C98DA2961D08B0002148C /* Utils.swift in Sources */ = {isa = PBXBuildFile; fileRef = 841C98D92961D08B0002148C /* Utils.swift */; };
		841C98DD2961D10C0002148C /* QuoteExtensions.swift in Sources */ = {isa = PBXBuildFile; fileRef = 841C98DC2961D10C0002148C /* QuoteExtensions.swift */; };
		841C98E02961F05C0002148C /* FetchPhase.swift in Sources */ = {isa = PBXBuildFile; fileRef = 841C98DF2961F05C0002148C /* FetchPhase.swift */; };
		841C98E22961F10D0002148C /* SearchViewModel.swift in Sources */ = {isa = PBXBuildFile; fileRef = 841C98E12961F10D0002148C /* SearchViewModel.swift */; };
		841C98E52961F20B0002148C /* SearchView.swift in Sources */ = {isa = PBXBuildFile; fileRef = 841C98E42961F20B0002148C /* SearchView.swift */; };
		841C98E72961F9DA0002148C /* ChartRangeExtensions.swift in Sources */ = {isa = PBXBuildFile; fileRef = 841C98E62961F9DA0002148C /* ChartRangeExtensions.swift */; };
		841C98E92961F9FD0002148C /* FoundationExtensions.swift in Sources */ = {isa = PBXBuildFile; fileRef = 841C98E82961F9FD0002148C /* FoundationExtensions.swift */; };
		841C98EB2961FA610002148C /* ChartStubs.swift in Sources */ = {isa = PBXBuildFile; fileRef = 841C98EA2961FA610002148C /* ChartStubs.swift */; };
		841C98ED2961FA9C0002148C /* MockStocksAPI.swift in Sources */ = {isa = PBXBuildFile; fileRef = 841C98EC2961FA9C0002148C /* MockStocksAPI.swift */; };
		841C98EF2961FB420002148C /* MockTickerListRepository.swift in Sources */ = {isa = PBXBuildFile; fileRef = 841C98EE2961FB420002148C /* MockTickerListRepository.swift */; };
		841C98F12961FC3C0002148C /* ChartViewData.swift in Sources */ = {isa = PBXBuildFile; fileRef = 841C98F02961FC3C0002148C /* ChartViewData.swift */; };
		841C98F42961FC940002148C /* StocksAPI.swift in Sources */ = {isa = PBXBuildFile; fileRef = 841C98F32961FC940002148C /* StocksAPI.swift */; };
		841C98F62961FCB80002148C /* TickerListRepository.swift in Sources */ = {isa = PBXBuildFile; fileRef = 841C98F52961FCB80002148C /* TickerListRepository.swift */; };
		841C98F82961FD640002148C /* ChartViewModel.swift in Sources */ = {isa = PBXBuildFile; fileRef = 841C98F72961FD640002148C /* ChartViewModel.swift */; };
		841C98FA2961FD880002148C /* TickerQuoteViewModel.swift in Sources */ = {isa = PBXBuildFile; fileRef = 841C98F92961FD880002148C /* TickerQuoteViewModel.swift */; };
		841C98FD2961FDF80002148C /* ChartView.swift in Sources */ = {isa = PBXBuildFile; fileRef = 841C98FC2961FDF80002148C /* ChartView.swift */; };
		841C98FF2961FE220002148C /* DateRangePickerView.swift in Sources */ = {isa = PBXBuildFile; fileRef = 841C98FE2961FE220002148C /* DateRangePickerView.swift */; };
		841C99012961FE3C0002148C /* QuoteDetailRowColumnView.swift in Sources */ = {isa = PBXBuildFile; fileRef = 841C99002961FE3C0002148C /* QuoteDetailRowColumnView.swift */; };
		841C99032961FE500002148C /* StockTickerView.swift in Sources */ = {isa = PBXBuildFile; fileRef = 841C99022961FE500002148C /* StockTickerView.swift */; };
		84BD014F296084A4002AE28E /* StockWatchApp.swift in Sources */ = {isa = PBXBuildFile; fileRef = 84BD014E296084A4002AE28E /* StockWatchApp.swift */; };
		84BD0151296084A4002AE28E /* MainListView.swift in Sources */ = {isa = PBXBuildFile; fileRef = 84BD0150296084A4002AE28E /* MainListView.swift */; };
		84BD0153296084A5002AE28E /* Assets.xcassets in Resources */ = {isa = PBXBuildFile; fileRef = 84BD0152296084A5002AE28E /* Assets.xcassets */; };
		84BD0156296084A5002AE28E /* Preview Assets.xcassets in Resources */ = {isa = PBXBuildFile; fileRef = 84BD0155296084A5002AE28E /* Preview Assets.xcassets */; };
		84BD015E2960857A002AE28E /* StockWatch in Frameworks */ = {isa = PBXBuildFile; productRef = 84BD015D2960857A002AE28E /* StockWatch */; };
		84BD01612960929E002AE28E /* TickerListRowData.swift in Sources */ = {isa = PBXBuildFile; fileRef = 84BD01602960929E002AE28E /* TickerListRowData.swift */; };
		84BD0164296093B0002AE28E /* TickerListRowView.swift in Sources */ = {isa = PBXBuildFile; fileRef = 84BD0163296093B0002AE28E /* TickerListRowView.swift */; };
/* End PBXBuildFile section */

/* Begin PBXFileReference section */
		841C98CA2961CC230002148C /* EmptyStateView.swift */ = {isa = PBXFileReference; lastKnownFileType = sourcecode.swift; path = EmptyStateView.swift; sourceTree = "<group>"; };
		841C98CC2961CC460002148C /* ErrorStateView.swift */ = {isa = PBXFileReference; lastKnownFileType = sourcecode.swift; path = ErrorStateView.swift; sourceTree = "<group>"; };
		841C98CE2961CC6B0002148C /* LoadingStateView.swift */ = {isa = PBXFileReference; lastKnownFileType = sourcecode.swift; path = LoadingStateView.swift; sourceTree = "<group>"; };
		841C98D12961CCF30002148C /* AppViewModel.swift */ = {isa = PBXFileReference; lastKnownFileType = sourcecode.swift; path = AppViewModel.swift; sourceTree = "<group>"; };
		841C98D42961CF520002148C /* Stubs.swift */ = {isa = PBXFileReference; lastKnownFileType = sourcecode.swift; path = Stubs.swift; sourceTree = "<group>"; };
		841C98D62961D0040002148C /* QuotesViewModel.swift */ = {isa = PBXFileReference; lastKnownFileType = sourcecode.swift; path = QuotesViewModel.swift; sourceTree = "<group>"; };
		841C98D92961D08B0002148C /* Utils.swift */ = {isa = PBXFileReference; lastKnownFileType = sourcecode.swift; path = Utils.swift; sourceTree = "<group>"; };
		841C98DC2961D10C0002148C /* QuoteExtensions.swift */ = {isa = PBXFileReference; lastKnownFileType = sourcecode.swift; path = QuoteExtensions.swift; sourceTree = "<group>"; };
		841C98DF2961F05C0002148C /* FetchPhase.swift */ = {isa = PBXFileReference; lastKnownFileType = sourcecode.swift; path = FetchPhase.swift; sourceTree = "<group>"; };
		841C98E12961F10D0002148C /* SearchViewModel.swift */ = {isa = PBXFileReference; lastKnownFileType = sourcecode.swift; path = SearchViewModel.swift; sourceTree = "<group>"; };
		841C98E42961F20B0002148C /* SearchView.swift */ = {isa = PBXFileReference; lastKnownFileType = sourcecode.swift; path = SearchView.swift; sourceTree = "<group>"; };
		841C98E62961F9DA0002148C /* ChartRangeExtensions.swift */ = {isa = PBXFileReference; lastKnownFileType = sourcecode.swift; path = ChartRangeExtensions.swift; sourceTree = "<group>"; };
		841C98E82961F9FD0002148C /* FoundationExtensions.swift */ = {isa = PBXFileReference; lastKnownFileType = sourcecode.swift; path = FoundationExtensions.swift; sourceTree = "<group>"; };
		841C98EA2961FA610002148C /* ChartStubs.swift */ = {isa = PBXFileReference; lastKnownFileType = sourcecode.swift; path = ChartStubs.swift; sourceTree = "<group>"; };
		841C98EC2961FA9C0002148C /* MockStocksAPI.swift */ = {isa = PBXFileReference; lastKnownFileType = sourcecode.swift; path = MockStocksAPI.swift; sourceTree = "<group>"; };
		841C98EE2961FB420002148C /* MockTickerListRepository.swift */ = {isa = PBXFileReference; lastKnownFileType = sourcecode.swift; path = MockTickerListRepository.swift; sourceTree = "<group>"; };
		841C98F02961FC3C0002148C /* ChartViewData.swift */ = {isa = PBXFileReference; lastKnownFileType = sourcecode.swift; path = ChartViewData.swift; sourceTree = "<group>"; };
		841C98F32961FC940002148C /* StocksAPI.swift */ = {isa = PBXFileReference; lastKnownFileType = sourcecode.swift; path = StocksAPI.swift; sourceTree = "<group>"; };
		841C98F52961FCB80002148C /* TickerListRepository.swift */ = {isa = PBXFileReference; lastKnownFileType = sourcecode.swift; path = TickerListRepository.swift; sourceTree = "<group>"; };
		841C98F72961FD640002148C /* ChartViewModel.swift */ = {isa = PBXFileReference; lastKnownFileType = sourcecode.swift; path = ChartViewModel.swift; sourceTree = "<group>"; };
		841C98F92961FD880002148C /* TickerQuoteViewModel.swift */ = {isa = PBXFileReference; lastKnownFileType = sourcecode.swift; path = TickerQuoteViewModel.swift; sourceTree = "<group>"; };
		841C98FC2961FDF80002148C /* ChartView.swift */ = {isa = PBXFileReference; lastKnownFileType = sourcecode.swift; path = ChartView.swift; sourceTree = "<group>"; };
		841C98FE2961FE220002148C /* DateRangePickerView.swift */ = {isa = PBXFileReference; lastKnownFileType = sourcecode.swift; path = DateRangePickerView.swift; sourceTree = "<group>"; };
		841C99002961FE3C0002148C /* QuoteDetailRowColumnView.swift */ = {isa = PBXFileReference; lastKnownFileType = sourcecode.swift; path = QuoteDetailRowColumnView.swift; sourceTree = "<group>"; };
		841C99022961FE500002148C /* StockTickerView.swift */ = {isa = PBXFileReference; lastKnownFileType = sourcecode.swift; path = StockTickerView.swift; sourceTree = "<group>"; };
		84BD014B296084A4002AE28E /* StockWatchApp.app */ = {isa = PBXFileReference; explicitFileType = wrapper.application; includeInIndex = 0; path = StockWatchApp.app; sourceTree = BUILT_PRODUCTS_DIR; };
		84BD014E296084A4002AE28E /* StockWatchApp.swift */ = {isa = PBXFileReference; lastKnownFileType = sourcecode.swift; path = StockWatchApp.swift; sourceTree = "<group>"; };
		84BD0150296084A4002AE28E /* MainListView.swift */ = {isa = PBXFileReference; lastKnownFileType = sourcecode.swift; path = MainListView.swift; sourceTree = "<group>"; };
		84BD0152296084A5002AE28E /* Assets.xcassets */ = {isa = PBXFileReference; lastKnownFileType = folder.assetcatalog; path = Assets.xcassets; sourceTree = "<group>"; };
		84BD0155296084A5002AE28E /* Preview Assets.xcassets */ = {isa = PBXFileReference; lastKnownFileType = folder.assetcatalog; path = "Preview Assets.xcassets"; sourceTree = "<group>"; };
		84BD01602960929E002AE28E /* TickerListRowData.swift */ = {isa = PBXFileReference; lastKnownFileType = sourcecode.swift; path = TickerListRowData.swift; sourceTree = "<group>"; };
		84BD0163296093B0002AE28E /* TickerListRowView.swift */ = {isa = PBXFileReference; lastKnownFileType = sourcecode.swift; path = TickerListRowView.swift; sourceTree = "<group>"; };
/* End PBXFileReference section */

/* Begin PBXFrameworksBuildPhase section */
		84BD0148296084A4002AE28E /* Frameworks */ = {
			isa = PBXFrameworksBuildPhase;
			buildActionMask = 2147483647;
			files = (
				84BD015E2960857A002AE28E /* StockWatch in Frameworks */,
			);
			runOnlyForDeploymentPostprocessing = 0;
		};
/* End PBXFrameworksBuildPhase section */

/* Begin PBXGroup section */
		841C98C92961CC150002148C /* StateViews */ = {
			isa = PBXGroup;
			children = (
				841C98CA2961CC230002148C /* EmptyStateView.swift */,
				841C98CC2961CC460002148C /* ErrorStateView.swift */,
				841C98CE2961CC6B0002148C /* LoadingStateView.swift */,
			);
			path = StateViews;
			sourceTree = "<group>";
		};
		841C98D02961CCD00002148C /* ViewModels */ = {
			isa = PBXGroup;
			children = (
				841C98D12961CCF30002148C /* AppViewModel.swift */,
				841C98D62961D0040002148C /* QuotesViewModel.swift */,
				841C98E12961F10D0002148C /* SearchViewModel.swift */,
				841C98F72961FD640002148C /* ChartViewModel.swift */,
				841C98F92961FD880002148C /* TickerQuoteViewModel.swift */,
			);
			path = ViewModels;
			sourceTree = "<group>";
		};
		841C98D32961CF3A0002148C /* Stubs_Mocks */ = {
			isa = PBXGroup;
			children = (
				841C98D42961CF520002148C /* Stubs.swift */,
				841C98EA2961FA610002148C /* ChartStubs.swift */,
				841C98EC2961FA9C0002148C /* MockStocksAPI.swift */,
				841C98EE2961FB420002148C /* MockTickerListRepository.swift */,
			);
			path = Stubs_Mocks;
			sourceTree = "<group>";
		};
		841C98D82961D07F0002148C /* Utilities */ = {
			isa = PBXGroup;
			children = (
				841C98D92961D08B0002148C /* Utils.swift */,
			);
			path = Utilities;
			sourceTree = "<group>";
		};
		841C98DB2961D0F40002148C /* Extensions */ = {
			isa = PBXGroup;
			children = (
				841C98DC2961D10C0002148C /* QuoteExtensions.swift */,
				841C98E62961F9DA0002148C /* ChartRangeExtensions.swift */,
				841C98E82961F9FD0002148C /* FoundationExtensions.swift */,
			);
			path = Extensions;
			sourceTree = "<group>";
		};
		841C98DE2961F0380002148C /* Enums */ = {
			isa = PBXGroup;
			children = (
				841C98DF2961F05C0002148C /* FetchPhase.swift */,
			);
			path = Enums;
			sourceTree = "<group>";
		};
		841C98F22961FC6B0002148C /* Services */ = {
			isa = PBXGroup;
			children = (
				841C98F32961FC940002148C /* StocksAPI.swift */,
				841C98F52961FCB80002148C /* TickerListRepository.swift */,
			);
			path = Services;
			sourceTree = "<group>";
		};
		841C98FB2961FDE20002148C /* SheetViews */ = {
			isa = PBXGroup;
			children = (
				841C98FC2961FDF80002148C /* ChartView.swift */,
				841C98FE2961FE220002148C /* DateRangePickerView.swift */,
				841C99002961FE3C0002148C /* QuoteDetailRowColumnView.swift */,
				841C99022961FE500002148C /* StockTickerView.swift */,
			);
			path = SheetViews;
			sourceTree = "<group>";
		};
		84BD0142296084A4002AE28E = {
			isa = PBXGroup;
			children = (
				84BD014D296084A4002AE28E /* StockWatchApp */,
				84BD014C296084A4002AE28E /* Products */,
			);
			sourceTree = "<group>";
		};
		84BD014C296084A4002AE28E /* Products */ = {
			isa = PBXGroup;
			children = (
				84BD014B296084A4002AE28E /* StockWatchApp.app */,
			);
			name = Products;
			sourceTree = "<group>";
		};
		84BD014D296084A4002AE28E /* StockWatchApp */ = {
			isa = PBXGroup;
			children = (
				84BD014E296084A4002AE28E /* StockWatchApp.swift */,
				841C98F22961FC6B0002148C /* Services */,
				841C98DE2961F0380002148C /* Enums */,
				841C98DB2961D0F40002148C /* Extensions */,
				841C98D82961D07F0002148C /* Utilities */,
				841C98D32961CF3A0002148C /* Stubs_Mocks */,
				841C98D02961CCD00002148C /* ViewModels */,
				84BD016229609383002AE28E /* Views */,
				84BD015F2960927A002AE28E /* Models */,
				84BD0152296084A5002AE28E /* Assets.xcassets */,
				84BD0154296084A5002AE28E /* Preview Content */,
			);
			path = StockWatchApp;
			sourceTree = "<group>";
		};
		84BD0154296084A5002AE28E /* Preview Content */ = {
			isa = PBXGroup;
			children = (
				84BD0155296084A5002AE28E /* Preview Assets.xcassets */,
			);
			path = "Preview Content";
			sourceTree = "<group>";
		};
		84BD015F2960927A002AE28E /* Models */ = {
			isa = PBXGroup;
			children = (
				84BD01602960929E002AE28E /* TickerListRowData.swift */,
				841C98F02961FC3C0002148C /* ChartViewData.swift */,
			);
			path = Models;
			sourceTree = "<group>";
		};
		84BD016229609383002AE28E /* Views */ = {
			isa = PBXGroup;
			children = (
				841C98FB2961FDE20002148C /* SheetViews */,
				841C98C92961CC150002148C /* StateViews */,
				84BD0163296093B0002AE28E /* TickerListRowView.swift */,
				84BD0150296084A4002AE28E /* MainListView.swift */,
				841C98E42961F20B0002148C /* SearchView.swift */,
			);
			path = Views;
			sourceTree = "<group>";
		};
/* End PBXGroup section */

/* Begin PBXNativeTarget section */
		84BD014A296084A4002AE28E /* StockWatchApp */ = {
			isa = PBXNativeTarget;
			buildConfigurationList = 84BD0159296084A5002AE28E /* Build configuration list for PBXNativeTarget "StockWatchApp" */;
			buildPhases = (
				84BD0147296084A4002AE28E /* Sources */,
				84BD0148296084A4002AE28E /* Frameworks */,
				84BD0149296084A4002AE28E /* Resources */,
			);
			buildRules = (
			);
			dependencies = (
			);
			name = StockWatchApp;
			packageProductDependencies = (
				84BD015D2960857A002AE28E /* StockWatch */,
			);
			productName = StockWatchApp;
			productReference = 84BD014B296084A4002AE28E /* StockWatchApp.app */;
			productType = "com.apple.product-type.application";
		};
/* End PBXNativeTarget section */

/* Begin PBXProject section */
		84BD0143296084A4002AE28E /* Project object */ = {
			isa = PBXProject;
			attributes = {
				BuildIndependentTargetsInParallel = 1;
				LastSwiftUpdateCheck = 1400;
				LastUpgradeCheck = 1400;
				TargetAttributes = {
					84BD014A296084A4002AE28E = {
						CreatedOnToolsVersion = 14.0.1;
					};
				};
			};
			buildConfigurationList = 84BD0146296084A4002AE28E /* Build configuration list for PBXProject "StockWatchApp" */;
			compatibilityVersion = "Xcode 14.0";
			developmentRegion = en;
			hasScannedForEncodings = 0;
			knownRegions = (
				en,
				Base,
			);
			mainGroup = 84BD0142296084A4002AE28E;
			packageReferences = (
				84BD015C2960857A002AE28E /* XCRemoteSwiftPackageReference "StockWatchAPI" */,
			);
			productRefGroup = 84BD014C296084A4002AE28E /* Products */;
			projectDirPath = "";
			projectRoot = "";
			targets = (
				84BD014A296084A4002AE28E /* StockWatchApp */,
			);
		};
/* End PBXProject section */

/* Begin PBXResourcesBuildPhase section */
		84BD0149296084A4002AE28E /* Resources */ = {
			isa = PBXResourcesBuildPhase;
			buildActionMask = 2147483647;
			files = (
				84BD0156296084A5002AE28E /* Preview Assets.xcassets in Resources */,
				84BD0153296084A5002AE28E /* Assets.xcassets in Resources */,
			);
			runOnlyForDeploymentPostprocessing = 0;
		};
/* End PBXResourcesBuildPhase section */

/* Begin PBXSourcesBuildPhase section */
		84BD0147296084A4002AE28E /* Sources */ = {
			isa = PBXSourcesBuildPhase;
			buildActionMask = 2147483647;
			files = (
				841C98D52961CF520002148C /* Stubs.swift in Sources */,
				841C98FD2961FDF80002148C /* ChartView.swift in Sources */,
				841C98CF2961CC6B0002148C /* LoadingStateView.swift in Sources */,
				841C99012961FE3C0002148C /* QuoteDetailRowColumnView.swift in Sources */,
				841C98E02961F05C0002148C /* FetchPhase.swift in Sources */,
				84BD0151296084A4002AE28E /* MainListView.swift in Sources */,
				841C98E72961F9DA0002148C /* ChartRangeExtensions.swift in Sources */,
				841C98D72961D0050002148C /* QuotesViewModel.swift in Sources */,
				841C98F12961FC3C0002148C /* ChartViewData.swift in Sources */,
				841C98ED2961FA9C0002148C /* MockStocksAPI.swift in Sources */,
				841C98FA2961FD880002148C /* TickerQuoteViewModel.swift in Sources */,
				841C98D22961CCF30002148C /* AppViewModel.swift in Sources */,
				84BD01612960929E002AE28E /* TickerListRowData.swift in Sources */,
				841C98EB2961FA610002148C /* ChartStubs.swift in Sources */,
				841C98CB2961CC230002148C /* EmptyStateView.swift in Sources */,
				841C98FF2961FE220002148C /* DateRangePickerView.swift in Sources */,
				841C98F62961FCB80002148C /* TickerListRepository.swift in Sources */,
				841C98E22961F10D0002148C /* SearchViewModel.swift in Sources */,
				841C98DA2961D08B0002148C /* Utils.swift in Sources */,
				841C98E52961F20B0002148C /* SearchView.swift in Sources */,
				841C98CD2961CC460002148C /* ErrorStateView.swift in Sources */,
				84BD014F296084A4002AE28E /* StockWatchApp.swift in Sources */,
				841C98F42961FC940002148C /* StocksAPI.swift in Sources */,
				841C99032961FE500002148C /* StockTickerView.swift in Sources */,
				841C98DD2961D10C0002148C /* QuoteExtensions.swift in Sources */,
				841C98EF2961FB420002148C /* MockTickerListRepository.swift in Sources */,
				841C98F82961FD640002148C /* ChartViewModel.swift in Sources */,
				84BD0164296093B0002AE28E /* TickerListRowView.swift in Sources */,
				841C98E92961F9FD0002148C /* FoundationExtensions.swift in Sources */,
			);
			runOnlyForDeploymentPostprocessing = 0;
		};
/* End PBXSourcesBuildPhase section */

/* Begin XCBuildConfiguration section */
		84BD0157296084A5002AE28E /* Debug */ = {
			isa = XCBuildConfiguration;
			buildSettings = {
				ALWAYS_SEARCH_USER_PATHS = NO;
				CLANG_ANALYZER_NONNULL = YES;
				CLANG_ANALYZER_NUMBER_OBJECT_CONVERSION = YES_AGGRESSIVE;
				CLANG_CXX_LANGUAGE_STANDARD = "gnu++20";
				CLANG_ENABLE_MODULES = YES;
				CLANG_ENABLE_OBJC_ARC = YES;
				CLANG_ENABLE_OBJC_WEAK = YES;
				CLANG_WARN_BLOCK_CAPTURE_AUTORELEASING = YES;
				CLANG_WARN_BOOL_CONVERSION = YES;
				CLANG_WARN_COMMA = YES;
				CLANG_WARN_CONSTANT_CONVERSION = YES;
				CLANG_WARN_DEPRECATED_OBJC_IMPLEMENTATIONS = YES;
				CLANG_WARN_DIRECT_OBJC_ISA_USAGE = YES_ERROR;
				CLANG_WARN_DOCUMENTATION_COMMENTS = YES;
				CLANG_WARN_EMPTY_BODY = YES;
				CLANG_WARN_ENUM_CONVERSION = YES;
				CLANG_WARN_INFINITE_RECURSION = YES;
				CLANG_WARN_INT_CONVERSION = YES;
				CLANG_WARN_NON_LITERAL_NULL_CONVERSION = YES;
				CLANG_WARN_OBJC_IMPLICIT_RETAIN_SELF = YES;
				CLANG_WARN_OBJC_LITERAL_CONVERSION = YES;
				CLANG_WARN_OBJC_ROOT_CLASS = YES_ERROR;
				CLANG_WARN_QUOTED_INCLUDE_IN_FRAMEWORK_HEADER = YES;
				CLANG_WARN_RANGE_LOOP_ANALYSIS = YES;
				CLANG_WARN_STRICT_PROTOTYPES = YES;
				CLANG_WARN_SUSPICIOUS_MOVE = YES;
				CLANG_WARN_UNGUARDED_AVAILABILITY = YES_AGGRESSIVE;
				CLANG_WARN_UNREACHABLE_CODE = YES;
				CLANG_WARN__DUPLICATE_METHOD_MATCH = YES;
				COPY_PHASE_STRIP = NO;
				DEBUG_INFORMATION_FORMAT = dwarf;
				ENABLE_STRICT_OBJC_MSGSEND = YES;
				ENABLE_TESTABILITY = YES;
				GCC_C_LANGUAGE_STANDARD = gnu11;
				GCC_DYNAMIC_NO_PIC = NO;
				GCC_NO_COMMON_BLOCKS = YES;
				GCC_OPTIMIZATION_LEVEL = 0;
				GCC_PREPROCESSOR_DEFINITIONS = (
					"DEBUG=1",
					"$(inherited)",
				);
				GCC_WARN_64_TO_32_BIT_CONVERSION = YES;
				GCC_WARN_ABOUT_RETURN_TYPE = YES_ERROR;
				GCC_WARN_UNDECLARED_SELECTOR = YES;
				GCC_WARN_UNINITIALIZED_AUTOS = YES_AGGRESSIVE;
				GCC_WARN_UNUSED_FUNCTION = YES;
				GCC_WARN_UNUSED_VARIABLE = YES;
				IPHONEOS_DEPLOYMENT_TARGET = 16.0;
				MTL_ENABLE_DEBUG_INFO = INCLUDE_SOURCE;
				MTL_FAST_MATH = YES;
				ONLY_ACTIVE_ARCH = YES;
				SDKROOT = iphoneos;
				SWIFT_ACTIVE_COMPILATION_CONDITIONS = DEBUG;
				SWIFT_OPTIMIZATION_LEVEL = "-Onone";
			};
			name = Debug;
		};
		84BD0158296084A5002AE28E /* Release */ = {
			isa = XCBuildConfiguration;
			buildSettings = {
				ALWAYS_SEARCH_USER_PATHS = NO;
				CLANG_ANALYZER_NONNULL = YES;
				CLANG_ANALYZER_NUMBER_OBJECT_CONVERSION = YES_AGGRESSIVE;
				CLANG_CXX_LANGUAGE_STANDARD = "gnu++20";
				CLANG_ENABLE_MODULES = YES;
				CLANG_ENABLE_OBJC_ARC = YES;
				CLANG_ENABLE_OBJC_WEAK = YES;
				CLANG_WARN_BLOCK_CAPTURE_AUTORELEASING = YES;
				CLANG_WARN_BOOL_CONVERSION = YES;
				CLANG_WARN_COMMA = YES;
				CLANG_WARN_CONSTANT_CONVERSION = YES;
				CLANG_WARN_DEPRECATED_OBJC_IMPLEMENTATIONS = YES;
				CLANG_WARN_DIRECT_OBJC_ISA_USAGE = YES_ERROR;
				CLANG_WARN_DOCUMENTATION_COMMENTS = YES;
				CLANG_WARN_EMPTY_BODY = YES;
				CLANG_WARN_ENUM_CONVERSION = YES;
				CLANG_WARN_INFINITE_RECURSION = YES;
				CLANG_WARN_INT_CONVERSION = YES;
				CLANG_WARN_NON_LITERAL_NULL_CONVERSION = YES;
				CLANG_WARN_OBJC_IMPLICIT_RETAIN_SELF = YES;
				CLANG_WARN_OBJC_LITERAL_CONVERSION = YES;
				CLANG_WARN_OBJC_ROOT_CLASS = YES_ERROR;
				CLANG_WARN_QUOTED_INCLUDE_IN_FRAMEWORK_HEADER = YES;
				CLANG_WARN_RANGE_LOOP_ANALYSIS = YES;
				CLANG_WARN_STRICT_PROTOTYPES = YES;
				CLANG_WARN_SUSPICIOUS_MOVE = YES;
				CLANG_WARN_UNGUARDED_AVAILABILITY = YES_AGGRESSIVE;
				CLANG_WARN_UNREACHABLE_CODE = YES;
				CLANG_WARN__DUPLICATE_METHOD_MATCH = YES;
				COPY_PHASE_STRIP = NO;
				DEBUG_INFORMATION_FORMAT = "dwarf-with-dsym";
				ENABLE_NS_ASSERTIONS = NO;
				ENABLE_STRICT_OBJC_MSGSEND = YES;
				GCC_C_LANGUAGE_STANDARD = gnu11;
				GCC_NO_COMMON_BLOCKS = YES;
				GCC_WARN_64_TO_32_BIT_CONVERSION = YES;
				GCC_WARN_ABOUT_RETURN_TYPE = YES_ERROR;
				GCC_WARN_UNDECLARED_SELECTOR = YES;
				GCC_WARN_UNINITIALIZED_AUTOS = YES_AGGRESSIVE;
				GCC_WARN_UNUSED_FUNCTION = YES;
				GCC_WARN_UNUSED_VARIABLE = YES;
				IPHONEOS_DEPLOYMENT_TARGET = 16.0;
				MTL_ENABLE_DEBUG_INFO = NO;
				MTL_FAST_MATH = YES;
				SDKROOT = iphoneos;
				SWIFT_COMPILATION_MODE = wholemodule;
				SWIFT_OPTIMIZATION_LEVEL = "-O";
				VALIDATE_PRODUCT = YES;
			};
			name = Release;
		};
		84BD015A296084A5002AE28E /* Debug */ = {
			isa = XCBuildConfiguration;
			buildSettings = {
				ASSETCATALOG_COMPILER_APPICON_NAME = AppIcon;
				ASSETCATALOG_COMPILER_GLOBAL_ACCENT_COLOR_NAME = AccentColor;
				CODE_SIGN_STYLE = Automatic;
				CURRENT_PROJECT_VERSION = 1;
				DEVELOPMENT_ASSET_PATHS = "\"StockWatchApp/Preview Content\"";
				ENABLE_PREVIEWS = YES;
				GENERATE_INFOPLIST_FILE = YES;
				INFOPLIST_KEY_UIApplicationSceneManifest_Generation = YES;
				INFOPLIST_KEY_UIApplicationSupportsIndirectInputEvents = YES;
				INFOPLIST_KEY_UILaunchScreen_Generation = YES;
				INFOPLIST_KEY_UISupportedInterfaceOrientations_iPad = "UIInterfaceOrientationPortrait UIInterfaceOrientationPortraitUpsideDown UIInterfaceOrientationLandscapeLeft UIInterfaceOrientationLandscapeRight";
				INFOPLIST_KEY_UISupportedInterfaceOrientations_iPhone = "UIInterfaceOrientationPortrait UIInterfaceOrientationLandscapeLeft UIInterfaceOrientationLandscapeRight";
				LD_RUNPATH_SEARCH_PATHS = (
					"$(inherited)",
					"@executable_path/Frameworks",
				);
				MARKETING_VERSION = 1.0;
				PRODUCT_BUNDLE_IDENTIFIER = lolmeherti.StockWatchApp;
				PRODUCT_NAME = "$(TARGET_NAME)";
				SWIFT_EMIT_LOC_STRINGS = YES;
				SWIFT_VERSION = 5.0;
				TARGETED_DEVICE_FAMILY = "1,2";
			};
			name = Debug;
		};
		84BD015B296084A5002AE28E /* Release */ = {
			isa = XCBuildConfiguration;
			buildSettings = {
				ASSETCATALOG_COMPILER_APPICON_NAME = AppIcon;
				ASSETCATALOG_COMPILER_GLOBAL_ACCENT_COLOR_NAME = AccentColor;
				CODE_SIGN_STYLE = Automatic;
				CURRENT_PROJECT_VERSION = 1;
				DEVELOPMENT_ASSET_PATHS = "\"StockWatchApp/Preview Content\"";
				ENABLE_PREVIEWS = YES;
				GENERATE_INFOPLIST_FILE = YES;
				INFOPLIST_KEY_UIApplicationSceneManifest_Generation = YES;
				INFOPLIST_KEY_UIApplicationSupportsIndirectInputEvents = YES;
				INFOPLIST_KEY_UILaunchScreen_Generation = YES;
				INFOPLIST_KEY_UISupportedInterfaceOrientations_iPad = "UIInterfaceOrientationPortrait UIInterfaceOrientationPortraitUpsideDown UIInterfaceOrientationLandscapeLeft UIInterfaceOrientationLandscapeRight";
				INFOPLIST_KEY_UISupportedInterfaceOrientations_iPhone = "UIInterfaceOrientationPortrait UIInterfaceOrientationLandscapeLeft UIInterfaceOrientationLandscapeRight";
				LD_RUNPATH_SEARCH_PATHS = (
					"$(inherited)",
					"@executable_path/Frameworks",
				);
				MARKETING_VERSION = 1.0;
				PRODUCT_BUNDLE_IDENTIFIER = lolmeherti.StockWatchApp;
				PRODUCT_NAME = "$(TARGET_NAME)";
				SWIFT_EMIT_LOC_STRINGS = YES;
				SWIFT_VERSION = 5.0;
				TARGETED_DEVICE_FAMILY = "1,2";
			};
			name = Release;
		};
/* End XCBuildConfiguration section */

/* Begin XCConfigurationList section */
		84BD0146296084A4002AE28E /* Build configuration list for PBXProject "StockWatchApp" */ = {
			isa = XCConfigurationList;
			buildConfigurations = (
				84BD0157296084A5002AE28E /* Debug */,
				84BD0158296084A5002AE28E /* Release */,
			);
			defaultConfigurationIsVisible = 0;
			defaultConfigurationName = Release;
		};
		84BD0159296084A5002AE28E /* Build configuration list for PBXNativeTarget "StockWatchApp" */ = {
			isa = XCConfigurationList;
			buildConfigurations = (
				84BD015A296084A5002AE28E /* Debug */,
				84BD015B296084A5002AE28E /* Release */,
			);
			defaultConfigurationIsVisible = 0;
			defaultConfigurationName = Release;
		};
/* End XCConfigurationList section */

/* Begin XCRemoteSwiftPackageReference section */
		84BD015C2960857A002AE28E /* XCRemoteSwiftPackageReference "StockWatchAPI" */ = {
			isa = XCRemoteSwiftPackageReference;
			repositoryURL = "https://github.com/lolmeherti/StockWatchAPI";
			requirement = {
				branch = main;
				kind = branch;
			};
		};
/* End XCRemoteSwiftPackageReference section */

/* Begin XCSwiftPackageProductDependency section */
		84BD015D2960857A002AE28E /* StockWatch */ = {
			isa = XCSwiftPackageProductDependency;
			package = 84BD015C2960857A002AE28E /* XCRemoteSwiftPackageReference "StockWatchAPI" */;
			productName = StockWatch;
		};
/* End XCSwiftPackageProductDependency section */
	};
	rootObject = 84BD0143296084A4002AE28E /* Project object */;
}
